
Microsoft Visual Studio Solution File, Format Version 12.00
# Visual Studio Version 17
VisualStudioVersion = 17.14.36518.9 d17.14
MinimumVisualStudioVersion = 10.0.40219.1
Project("{FAE04EC0-301F-11D3-BF4B-00C04F79EFBC}") = "WebApiFuncApp", "WebApiFuncApp\WebApiFuncApp.csproj", "{2B584E74-DED8-603D-6CC6-FFB5D981C401}"
EndProject
Global
	GlobalSection(SolutionConfigurationPlatforms) = preSolution
		Debug|Any CPU = Debug|Any CPU
		Release|Any CPU = Release|Any CPU
	EndGlobalSection
	GlobalSection(ProjectConfigurationPlatforms) = postSolution
		{2B584E74-DED8-603D-6CC6-FFB5D981C401}.Debug|Any CPU.ActiveCfg = Debug|Any CPU
		{2B584E74-DED8-603D-6CC6-FFB5D981C401}.Debug|Any CPU.Build.0 = Debug|Any CPU
		{2B584E74-DED8-603D-6CC6-FFB5D981C401}.Release|Any CPU.ActiveCfg = Release|Any CPU
		{2B584E74-DED8-603D-6CC6-FFB5D981C401}.Release|Any CPU.Build.0 = Release|Any CPU
	EndGlobalSection
	GlobalSection(SolutionProperties) = preSolution
		HideSolutionNode = FALSE
	EndGlobalSection
	GlobalSection(ExtensibilityGlobals) = postSolution
		SolutionGuid = {6B18088A-2F71-4702-80A6-118E614CC7C3}
	EndGlobalSection
EndGlobal
